
Microsoft Visual Studio Solution File, Format Version 12.00
# Visual Studio Version 17
VisualStudioVersion = 17.0.32014.148
MinimumVisualStudioVersion = 10.0.40219.1
Project("{9A19103F-16F7-4668-BE54-9A1E7A4F7556}") = "PL", "PL\PL.csproj", "{D9FF8CD0-5EE8-44D1-99E7-0A82BF318A70}"
EndProject
Project("{9A19103F-16F7-4668-BE54-9A1E7A4F7556}") = "BLL", "BLL\BLL.csproj", "{8B0293DC-D9D2-4249-8FD0-E222F8472468}"
EndProject
Project("{FAE04EC0-301F-11D3-BF4B-00C04F79EFBC}") = "DAL", "DAL\DAL.csproj", "{E391FDFB-3CB0-4CFD-B269-A52A8A0DECA4}"
EndProject
Global
	GlobalSection(SolutionConfigurationPlatforms) = preSolution
		Debug|Any CPU = Debug|Any CPU
		Release|Any CPU = Release|Any CPU
	EndGlobalSection
	GlobalSection(ProjectConfigurationPlatforms) = postSolution
		{D9FF8CD0-5EE8-44D1-99E7-0A82BF318A70}.Debug|Any CPU.ActiveCfg = Debug|Any CPU
		{D9FF8CD0-5EE8-44D1-99E7-0A82BF318A70}.Debug|Any CPU.Build.0 = Debug|Any CPU
		{D9FF8CD0-5EE8-44D1-99E7-0A82BF318A70}.Release|Any CPU.ActiveCfg = Release|Any CPU
		{D9FF8CD0-5EE8-44D1-99E7-0A82BF318A70}.Release|Any CPU.Build.0 = Release|Any CPU
		{8B0293DC-D9D2-4249-8FD0-E222F8472468}.Debug|Any CPU.ActiveCfg = Debug|Any CPU
		{8B0293DC-D9D2-4249-8FD0-E222F8472468}.Debug|Any CPU.Build.0 = Debug|Any CPU
		{8B0293DC-D9D2-4249-8FD0-E222F8472468}.Release|Any CPU.ActiveCfg = Release|Any CPU
		{8B0293DC-D9D2-4249-8FD0-E222F8472468}.Release|Any CPU.Build.0 = Release|Any CPU
		{E391FDFB-3CB0-4CFD-B269-A52A8A0DECA4}.Debug|Any CPU.ActiveCfg = Debug|Any CPU
		{E391FDFB-3CB0-4CFD-B269-A52A8A0DECA4}.Debug|Any CPU.Build.0 = Debug|Any CPU
		{E391FDFB-3CB0-4CFD-B269-A52A8A0DECA4}.Release|Any CPU.ActiveCfg = Release|Any CPU
		{E391FDFB-3CB0-4CFD-B269-A52A8A0DECA4}.Release|Any CPU.Build.0 = Release|Any CPU
	EndGlobalSection
	GlobalSection(SolutionProperties) = preSolution
		HideSolutionNode = FALSE
	EndGlobalSection
	GlobalSection(ExtensibilityGlobals) = postSolution
		SolutionGuid = {27A009A6-02A9-41E0-8033-69FEAA0F4C06}
	EndGlobalSection
EndGlobal
